
Microsoft Visual Studio Solution File, Format Version 12.00
# Visual Studio Version 16
VisualStudioVersion = 16.0.28721.148
MinimumVisualStudioVersion = 10.0.40219.1
Project("{FAE04EC0-301F-11D3-BF4B-00C04F79EFBC}") = "APInvoiceAutomation", "APInvoiceAutomation\APInvoiceAutomation.csproj", "{2D8979EC-A247-4E4F-B0E0-2AF9ECDC6C0A}"
EndProject
Global
	GlobalSection(SolutionConfigurationPlatforms) = preSolution
		Debug|Any CPU = Debug|Any CPU
		Release|Any CPU = Release|Any CPU
	EndGlobalSection
	GlobalSection(ProjectConfigurationPlatforms) = postSolution
		{2D8979EC-A247-4E4F-B0E0-2AF9ECDC6C0A}.Debug|Any CPU.ActiveCfg = Debug|Any CPU
		{2D8979EC-A247-4E4F-B0E0-2AF9ECDC6C0A}.Debug|Any CPU.Build.0 = Debug|Any CPU
		{2D8979EC-A247-4E4F-B0E0-2AF9ECDC6C0A}.Release|Any CPU.ActiveCfg = Release|Any CPU
		{2D8979EC-A247-4E4F-B0E0-2AF9ECDC6C0A}.Release|Any CPU.Build.0 = Release|Any CPU
	EndGlobalSection
	GlobalSection(SolutionProperties) = preSolution
		HideSolutionNode = FALSE
	EndGlobalSection
	GlobalSection(ExtensibilityGlobals) = postSolution
		SolutionGuid = {8E3B47D6-EBE8-4A98-ABA1-46EDBD14614C}
	EndGlobalSection
EndGlobal
